
Microsoft Visual Studio Solution File, Format Version 12.00
# Visual Studio Version 17
VisualStudioVersion = 17.9.34728.123
MinimumVisualStudioVersion = 10.0.40219.1
Project("{9A19103F-16F7-4668-BE54-9A1E7A4F7556}") = "Ex1Launch", "Ex1\Ex1Launch.csproj", "{5B4434D1-2134-493C-A853-F7BAD8F2B770}"
EndProject
Project("{9A19103F-16F7-4668-BE54-9A1E7A4F7556}") = "Ex2Launch", "Ex2\Ex2Launch.csproj", "{86506537-336D-4073-8B12-B907B13B1CAD}"
EndProject
Project("{9A19103F-16F7-4668-BE54-9A1E7A4F7556}") = "TestProject", "TestProject_ForAFewFeatures\TestProject.csproj", "{10D5A264-EE15-41F0-9C47-0DCE1F2BD4C9}"
EndProject
Project("{9A19103F-16F7-4668-BE54-9A1E7A4F7556}") = "Logger", "Logger\Logger.csproj", "{A9CD6C2B-4643-4954-BEDC-FA39F0D359CF}"
EndProject
Project("{9A19103F-16F7-4668-BE54-9A1E7A4F7556}") = "Ex3Assembly", "Ex3Assembly\Ex3Assembly.csproj", "{BD150D2A-AF81-4AE6-807F-A99809F8B32D}"
EndProject
Project("{9A19103F-16F7-4668-BE54-9A1E7A4F7556}") = "Ex3Launch", "Ex3Launch\Ex3Launch.csproj", "{095ABC1C-DCAE-4E04-AEB9-0F698DAC1D83}"
EndProject
Project("{2150E333-8FDC-42A3-9474-1A3956D46DE8}") = "_Helpers", "_Helpers", "{E849A4B3-6131-4459-8AA0-88CE047E1F4D}"
EndProject
Project("{9A19103F-16F7-4668-BE54-9A1E7A4F7556}") = "Ex1Assembly", "Ex1Assembly\Ex1Assembly.csproj", "{153BA0B8-45B2-41B5-9BFD-117A2B34D21A}"
EndProject
Project("{9A19103F-16F7-4668-BE54-9A1E7A4F7556}") = "Ex2Assembly", "Ex2Assembly\Ex2Assembly.csproj", "{166F63AB-BCCC-422D-9130-2A593E73A0C5}"
EndProject
Project("{2150E333-8FDC-42A3-9474-1A3956D46DE8}") = "Assembly", "Assembly", "{E49783AC-2D50-4092-93D1-1D4FE945111B}"
EndProject
Project("{2150E333-8FDC-42A3-9474-1A3956D46DE8}") = "Launch", "Launch", "{D4DBE1E9-6CD7-44A9-8163-6984138C338E}"
EndProject
Project("{9A19103F-16F7-4668-BE54-9A1E7A4F7556}") = "TestProject2", "TestProject2\TestProject2.csproj", "{26898BC6-9B68-4695-9503-136F3A2F4A09}"
EndProject
Project("{9A19103F-16F7-4668-BE54-9A1E7A4F7556}") = "Ex4Assembly", "Ex4Assembly\Ex4Assembly.csproj", "{AC556411-0868-4279-B808-BE5770322DAE}"
EndProject
Project("{9A19103F-16F7-4668-BE54-9A1E7A4F7556}") = "Ex4Launch", "Ex4Launch\Ex4Launch.csproj", "{D963EB78-C151-4CC1-820E-77D080F6DFDA}"
EndProject
Project("{9A19103F-16F7-4668-BE54-9A1E7A4F7556}") = "Ex5Launch", "Ex5Launch\Ex5Launch.csproj", "{329CBAB1-A3C6-420B-A9AB-08469B70EE62}"
EndProject
Project("{9A19103F-16F7-4668-BE54-9A1E7A4F7556}") = "Ex5Assembly", "Ex5Assembly\Ex5Assembly.csproj", "{D6B46AA2-AB5B-420A-BD29-40080CCAADD7}"
EndProject
Project("{9A19103F-16F7-4668-BE54-9A1E7A4F7556}") = "Ex6Assembly", "Ex6Assembly\Ex6Assembly.csproj", "{9BC66A4B-041A-4C74-86DA-03DA680F17D1}"
EndProject
Project("{9A19103F-16F7-4668-BE54-9A1E7A4F7556}") = "Ex6Launch", "Ex6Launch\Ex6Launch.csproj", "{F93334B5-03EB-4D82-B02F-3AEA79875761}"
EndProject
Project("{9A19103F-16F7-4668-BE54-9A1E7A4F7556}") = "TokenizationHelper", "TokenizationHelpeer\TokenizationHelper.csproj", "{F093F62B-086F-4767-AB7F-7FB72C23B219}"
EndProject
Global
	GlobalSection(SolutionConfigurationPlatforms) = preSolution
		Debug|Any CPU = Debug|Any CPU
		Release|Any CPU = Release|Any CPU
	EndGlobalSection
	GlobalSection(ProjectConfigurationPlatforms) = postSolution
		{5B4434D1-2134-493C-A853-F7BAD8F2B770}.Debug|Any CPU.ActiveCfg = Debug|Any CPU
		{5B4434D1-2134-493C-A853-F7BAD8F2B770}.Debug|Any CPU.Build.0 = Debug|Any CPU
		{5B4434D1-2134-493C-A853-F7BAD8F2B770}.Release|Any CPU.ActiveCfg = Release|Any CPU
		{5B4434D1-2134-493C-A853-F7BAD8F2B770}.Release|Any CPU.Build.0 = Release|Any CPU
		{86506537-336D-4073-8B12-B907B13B1CAD}.Debug|Any CPU.ActiveCfg = Debug|Any CPU
		{86506537-336D-4073-8B12-B907B13B1CAD}.Debug|Any CPU.Build.0 = Debug|Any CPU
		{86506537-336D-4073-8B12-B907B13B1CAD}.Release|Any CPU.ActiveCfg = Release|Any CPU
		{86506537-336D-4073-8B12-B907B13B1CAD}.Release|Any CPU.Build.0 = Release|Any CPU
		{10D5A264-EE15-41F0-9C47-0DCE1F2BD4C9}.Debug|Any CPU.ActiveCfg = Debug|Any CPU
		{10D5A264-EE15-41F0-9C47-0DCE1F2BD4C9}.Debug|Any CPU.Build.0 = Debug|Any CPU
		{10D5A264-EE15-41F0-9C47-0DCE1F2BD4C9}.Release|Any CPU.ActiveCfg = Release|Any CPU
		{10D5A264-EE15-41F0-9C47-0DCE1F2BD4C9}.Release|Any CPU.Build.0 = Release|Any CPU
		{A9CD6C2B-4643-4954-BEDC-FA39F0D359CF}.Debug|Any CPU.ActiveCfg = Debug|Any CPU
		{A9CD6C2B-4643-4954-BEDC-FA39F0D359CF}.Debug|Any CPU.Build.0 = Debug|Any CPU
		{A9CD6C2B-4643-4954-BEDC-FA39F0D359CF}.Release|Any CPU.ActiveCfg = Release|Any CPU
		{A9CD6C2B-4643-4954-BEDC-FA39F0D359CF}.Release|Any CPU.Build.0 = Release|Any CPU
		{BD150D2A-AF81-4AE6-807F-A99809F8B32D}.Debug|Any CPU.ActiveCfg = Debug|Any CPU
		{BD150D2A-AF81-4AE6-807F-A99809F8B32D}.Debug|Any CPU.Build.0 = Debug|Any CPU
		{BD150D2A-AF81-4AE6-807F-A99809F8B32D}.Release|Any CPU.ActiveCfg = Release|Any CPU
		{BD150D2A-AF81-4AE6-807F-A99809F8B32D}.Release|Any CPU.Build.0 = Release|Any CPU
		{095ABC1C-DCAE-4E04-AEB9-0F698DAC1D83}.Debug|Any CPU.ActiveCfg = Debug|Any CPU
		{095ABC1C-DCAE-4E04-AEB9-0F698DAC1D83}.Debug|Any CPU.Build.0 = Debug|Any CPU
		{095ABC1C-DCAE-4E04-AEB9-0F698DAC1D83}.Release|Any CPU.ActiveCfg = Release|Any CPU
		{095ABC1C-DCAE-4E04-AEB9-0F698DAC1D83}.Release|Any CPU.Build.0 = Release|Any CPU
		{153BA0B8-45B2-41B5-9BFD-117A2B34D21A}.Debug|Any CPU.ActiveCfg = Debug|Any CPU
		{153BA0B8-45B2-41B5-9BFD-117A2B34D21A}.Debug|Any CPU.Build.0 = Debug|Any CPU
		{153BA0B8-45B2-41B5-9BFD-117A2B34D21A}.Release|Any CPU.ActiveCfg = Release|Any CPU
		{153BA0B8-45B2-41B5-9BFD-117A2B34D21A}.Release|Any CPU.Build.0 = Release|Any CPU
		{166F63AB-BCCC-422D-9130-2A593E73A0C5}.Debug|Any CPU.ActiveCfg = Debug|Any CPU
		{166F63AB-BCCC-422D-9130-2A593E73A0C5}.Debug|Any CPU.Build.0 = Debug|Any CPU
		{166F63AB-BCCC-422D-9130-2A593E73A0C5}.Release|Any CPU.ActiveCfg = Release|Any CPU
		{166F63AB-BCCC-422D-9130-2A593E73A0C5}.Release|Any CPU.Build.0 = Release|Any CPU
		{26898BC6-9B68-4695-9503-136F3A2F4A09}.Debug|Any CPU.ActiveCfg = Debug|Any CPU
		{26898BC6-9B68-4695-9503-136F3A2F4A09}.Debug|Any CPU.Build.0 = Debug|Any CPU
		{26898BC6-9B68-4695-9503-136F3A2F4A09}.Release|Any CPU.ActiveCfg = Release|Any CPU
		{26898BC6-9B68-4695-9503-136F3A2F4A09}.Release|Any CPU.Build.0 = Release|Any CPU
		{AC556411-0868-4279-B808-BE5770322DAE}.Debug|Any CPU.ActiveCfg = Debug|Any CPU
		{AC556411-0868-4279-B808-BE5770322DAE}.Debug|Any CPU.Build.0 = Debug|Any CPU
		{AC556411-0868-4279-B808-BE5770322DAE}.Release|Any CPU.ActiveCfg = Release|Any CPU
		{AC556411-0868-4279-B808-BE5770322DAE}.Release|Any CPU.Build.0 = Release|Any CPU
		{D963EB78-C151-4CC1-820E-77D080F6DFDA}.Debug|Any CPU.ActiveCfg = Debug|Any CPU
		{D963EB78-C151-4CC1-820E-77D080F6DFDA}.Debug|Any CPU.Build.0 = Debug|Any CPU
		{D963EB78-C151-4CC1-820E-77D080F6DFDA}.Release|Any CPU.ActiveCfg = Release|Any CPU
		{D963EB78-C151-4CC1-820E-77D080F6DFDA}.Release|Any CPU.Build.0 = Release|Any CPU
		{329CBAB1-A3C6-420B-A9AB-08469B70EE62}.Debug|Any CPU.ActiveCfg = Debug|Any CPU
		{329CBAB1-A3C6-420B-A9AB-08469B70EE62}.Debug|Any CPU.Build.0 = Debug|Any CPU
		{329CBAB1-A3C6-420B-A9AB-08469B70EE62}.Release|Any CPU.ActiveCfg = Release|Any CPU
		{329CBAB1-A3C6-420B-A9AB-08469B70EE62}.Release|Any CPU.Build.0 = Release|Any CPU
		{D6B46AA2-AB5B-420A-BD29-40080CCAADD7}.Debug|Any CPU.ActiveCfg = Debug|Any CPU
		{D6B46AA2-AB5B-420A-BD29-40080CCAADD7}.Debug|Any CPU.Build.0 = Debug|Any CPU
		{D6B46AA2-AB5B-420A-BD29-40080CCAADD7}.Release|Any CPU.ActiveCfg = Release|Any CPU
		{D6B46AA2-AB5B-420A-BD29-40080CCAADD7}.Release|Any CPU.Build.0 = Release|Any CPU
		{9BC66A4B-041A-4C74-86DA-03DA680F17D1}.Debug|Any CPU.ActiveCfg = Debug|Any CPU
		{9BC66A4B-041A-4C74-86DA-03DA680F17D1}.Debug|Any CPU.Build.0 = Debug|Any CPU
		{9BC66A4B-041A-4C74-86DA-03DA680F17D1}.Release|Any CPU.ActiveCfg = Release|Any CPU
		{9BC66A4B-041A-4C74-86DA-03DA680F17D1}.Release|Any CPU.Build.0 = Release|Any CPU
		{F93334B5-03EB-4D82-B02F-3AEA79875761}.Debug|Any CPU.ActiveCfg = Debug|Any CPU
		{F93334B5-03EB-4D82-B02F-3AEA79875761}.Debug|Any CPU.Build.0 = Debug|Any CPU
		{F93334B5-03EB-4D82-B02F-3AEA79875761}.Release|Any CPU.ActiveCfg = Release|Any CPU
		{F93334B5-03EB-4D82-B02F-3AEA79875761}.Release|Any CPU.Build.0 = Release|Any CPU
		{F093F62B-086F-4767-AB7F-7FB72C23B219}.Debug|Any CPU.ActiveCfg = Debug|Any CPU
		{F093F62B-086F-4767-AB7F-7FB72C23B219}.Debug|Any CPU.Build.0 = Debug|Any CPU
		{F093F62B-086F-4767-AB7F-7FB72C23B219}.Release|Any CPU.ActiveCfg = Release|Any CPU
		{F093F62B-086F-4767-AB7F-7FB72C23B219}.Release|Any CPU.Build.0 = Release|Any CPU
	EndGlobalSection
	GlobalSection(SolutionProperties) = preSolution
		HideSolutionNode = FALSE
	EndGlobalSection
	GlobalSection(NestedProjects) = preSolution
		{5B4434D1-2134-493C-A853-F7BAD8F2B770} = {D4DBE1E9-6CD7-44A9-8163-6984138C338E}
		{86506537-336D-4073-8B12-B907B13B1CAD} = {D4DBE1E9-6CD7-44A9-8163-6984138C338E}
		{10D5A264-EE15-41F0-9C47-0DCE1F2BD4C9} = {E849A4B3-6131-4459-8AA0-88CE047E1F4D}
		{A9CD6C2B-4643-4954-BEDC-FA39F0D359CF} = {E849A4B3-6131-4459-8AA0-88CE047E1F4D}
		{BD150D2A-AF81-4AE6-807F-A99809F8B32D} = {E49783AC-2D50-4092-93D1-1D4FE945111B}
		{095ABC1C-DCAE-4E04-AEB9-0F698DAC1D83} = {D4DBE1E9-6CD7-44A9-8163-6984138C338E}
		{153BA0B8-45B2-41B5-9BFD-117A2B34D21A} = {E49783AC-2D50-4092-93D1-1D4FE945111B}
		{166F63AB-BCCC-422D-9130-2A593E73A0C5} = {E49783AC-2D50-4092-93D1-1D4FE945111B}
		{26898BC6-9B68-4695-9503-136F3A2F4A09} = {E849A4B3-6131-4459-8AA0-88CE047E1F4D}
		{AC556411-0868-4279-B808-BE5770322DAE} = {E49783AC-2D50-4092-93D1-1D4FE945111B}
		{D963EB78-C151-4CC1-820E-77D080F6DFDA} = {D4DBE1E9-6CD7-44A9-8163-6984138C338E}
		{329CBAB1-A3C6-420B-A9AB-08469B70EE62} = {D4DBE1E9-6CD7-44A9-8163-6984138C338E}
		{D6B46AA2-AB5B-420A-BD29-40080CCAADD7} = {E49783AC-2D50-4092-93D1-1D4FE945111B}
		{9BC66A4B-041A-4C74-86DA-03DA680F17D1} = {E49783AC-2D50-4092-93D1-1D4FE945111B}
		{F93334B5-03EB-4D82-B02F-3AEA79875761} = {D4DBE1E9-6CD7-44A9-8163-6984138C338E}
		{F093F62B-086F-4767-AB7F-7FB72C23B219} = {E849A4B3-6131-4459-8AA0-88CE047E1F4D}
	EndGlobalSection
	GlobalSection(ExtensibilityGlobals) = postSolution
		SolutionGuid = {58ADBA15-49CC-45B3-8A10-4C2FC5495592}
	EndGlobalSection
EndGlobal
